{
  "object": {
    "pins": [
      {
        "package": "ImageView",
        "repositoryURL": "https://github.com/mikhailChelbaev/ImageView",
        "state": {
          "branch": null,
          "revision": "ff4940667001c48cd1dffd1cd82a2a78aae0b8fb",
          "version": "1.1.2"
        }
      },
      {
        "package": "UltraDrawerView",
        "repositoryURL": "https://github.com/super-ultra/UltraDrawerView",
        "state": {
          "branch": null,
          "revision": "0c72ab15709dc461b19446b1aaa7422d59d9994a",
          "version": "0.6.3"
        }
      }
    ]
  },
  "version": 1
}
