{
  "object": {
    "pins": [
      {
        "package": "ImageView",
        "repositoryURL": "https://github.com/mikhailChelbaev/ImageView",
        "state": {
          "branch": null,
          "revision": "d83b202cd7b635321379ab6a5a961a829fff3536",
          "version": "1.1.3"
        }
      },
      {
        "package": "JWTDecode",
        "repositoryURL": "https://github.com/auth0/JWTDecode.swift.git",
        "state": {
          "branch": null,
          "revision": "3cd207fb9e943b6168a117baa3936c823204c2dc",
          "version": "2.6.3"
        }
      },
      {
        "package": "UltraDrawerView",
        "repositoryURL": "https://github.com/super-ultra/UltraDrawerView",
        "state": {
          "branch": null,
          "revision": "0c72ab15709dc461b19446b1aaa7422d59d9994a",
          "version": "0.6.3"
        }
      }
    ]
  },
  "version": 1
}
