// !$*UTF8*$!
{
	archiveVersion = 1;
	classes = {
	};
	objectVersion = 52;
	objects = {

/* Begin PBXBuildFile section */
		7402660F26A76379006242FE /* AppDelegate.swift in Sources */ = {isa = PBXBuildFile; fileRef = 7402660E26A76379006242FE /* AppDelegate.swift */; };
		7402661126A76379006242FE /* SceneDelegate.swift in Sources */ = {isa = PBXBuildFile; fileRef = 7402661026A76379006242FE /* SceneDelegate.swift */; };
		7402661326A76379006242FE /* MapViewController.swift in Sources */ = {isa = PBXBuildFile; fileRef = 7402661226A76379006242FE /* MapViewController.swift */; };
		7402661826A7637A006242FE /* Assets.xcassets in Resources */ = {isa = PBXBuildFile; fileRef = 7402661726A7637A006242FE /* Assets.xcassets */; };
		7402661B26A7637A006242FE /* LaunchScreen.storyboard in Resources */ = {isa = PBXBuildFile; fileRef = 7402661926A7637A006242FE /* LaunchScreen.storyboard */; };
		7402662426A765AC006242FE /* UIView+Layout.swift in Sources */ = {isa = PBXBuildFile; fileRef = 7402662326A765AC006242FE /* UIView+Layout.swift */; };
		7402E4402739AE020092C8C4 /* MapKit.framework in Frameworks */ = {isa = PBXBuildFile; fileRef = 7402E43F2739AE020092C8C4 /* MapKit.framework */; };
		7404A61126B87FAF00524453 /* TextCell.swift in Sources */ = {isa = PBXBuildFile; fileRef = 7404A61026B87FAF00524453 /* TextCell.swift */; };
		7404A61426B8874A00524453 /* PersonViewController.swift in Sources */ = {isa = PBXBuildFile; fileRef = 7404A61326B8874A00524453 /* PersonViewController.swift */; };
		7415479326B08C8A006931DC /* PersonCell.swift in Sources */ = {isa = PBXBuildFile; fileRef = 7415479226B08C89006931DC /* PersonCell.swift */; };
		741D407C2706518C0051A518 /* UILabel+SetAttributedText.swift in Sources */ = {isa = PBXBuildFile; fileRef = 741D407B2706518C0051A518 /* UILabel+SetAttributedText.swift */; };
		741D407E270655560051A518 /* PersonInfoBaseCell.swift in Sources */ = {isa = PBXBuildFile; fileRef = 741D407D270655560051A518 /* PersonInfoBaseCell.swift */; };
		741EF4882708F28200F84986 /* NotificationService.swift in Sources */ = {isa = PBXBuildFile; fileRef = 741EF4872708F28200F84986 /* NotificationService.swift */; };
		7420CE2126BAAE290034533F /* RouteFinder.swift in Sources */ = {isa = PBXBuildFile; fileRef = 7420CE2026BAAE290034533F /* RouteFinder.swift */; };
		7420CE2326BAAE530034533F /* CLLocationCoordinate2D+Equatable.swift in Sources */ = {isa = PBXBuildFile; fileRef = 7420CE2226BAAE530034533F /* CLLocationCoordinate2D+Equatable.swift */; };
		742283BE26BB29AB003F814E /* Colors.xcassets in Resources */ = {isa = PBXBuildFile; fileRef = 742283BD26BB29AB003F814E /* Colors.xcassets */; };
		742283C026BB29EA003F814E /* UIColor+ProjectColors.swift in Sources */ = {isa = PBXBuildFile; fileRef = 742283BF26BB29EA003F814E /* UIColor+ProjectColors.swift */; };
		742283C226BB2AC4003F814E /* UIView+Shadow.swift in Sources */ = {isa = PBXBuildFile; fileRef = 742283C126BB2AC4003F814E /* UIView+Shadow.swift */; };
		7422A9C326BC707A00FE995E /* ARPersonPerview.swift in Sources */ = {isa = PBXBuildFile; fileRef = 7422A9C226BC707A00FE995E /* ARPersonPerview.swift */; };
		7422A9C526BC751500FE995E /* CosmonautSuit.reality in Resources */ = {isa = PBXBuildFile; fileRef = 7422A9C426BC751500FE995E /* CosmonautSuit.reality */; };
		742EFE8D26F14168009A5126 /* GradientView.swift in Sources */ = {isa = PBXBuildFile; fileRef = 742EFE8C26F14168009A5126 /* GradientView.swift */; };
		74346FB526F3E0B70060357A /* helveticaneuecyr-bold.ttf in Resources */ = {isa = PBXBuildFile; fileRef = 74346FB426F3E0B70060357A /* helveticaneuecyr-bold.ttf */; };
		74346FB626F3E0BB0060357A /* helveticaneuecyr-roman.ttf in Resources */ = {isa = PBXBuildFile; fileRef = 74346FB326F3E0AE0060357A /* helveticaneuecyr-roman.ttf */; };
		74346FB826F3E24D0060357A /* helveticaneuecyr-medium.ttf in Resources */ = {isa = PBXBuildFile; fileRef = 74346FB726F3E24D0060357A /* helveticaneuecyr-medium.ttf */; };
		74346FBA26F3E3FB0060357A /* MKMapView+Annotations.swift in Sources */ = {isa = PBXBuildFile; fileRef = 74346FB926F3E3FB0060357A /* MKMapView+Annotations.swift */; };
		7443988226E6B80F003FC860 /* BaseNetworkService.swift in Sources */ = {isa = PBXBuildFile; fileRef = 7443988126E6B80F003FC860 /* BaseNetworkService.swift */; };
		7443988426E6B9C7003FC860 /* RequestPreparation.swift in Sources */ = {isa = PBXBuildFile; fileRef = 7443988326E6B9C7003FC860 /* RequestPreparation.swift */; };
		7443988826E6B9EA003FC860 /* Request.swift in Sources */ = {isa = PBXBuildFile; fileRef = 7443988726E6B9EA003FC860 /* Request.swift */; };
		7443988A26E6B9F5003FC860 /* RequestResult.swift in Sources */ = {isa = PBXBuildFile; fileRef = 7443988926E6B9F5003FC860 /* RequestResult.swift */; };
		7443988C26E6BAA4003FC860 /* RoutesService.swift in Sources */ = {isa = PBXBuildFile; fileRef = 7443988B26E6BAA4003FC860 /* RoutesService.swift */; };
		7443988E26E6BB3F003FC860 /* RequestConstants.swift in Sources */ = {isa = PBXBuildFile; fileRef = 7443988D26E6BB3F003FC860 /* RequestConstants.swift */; };
		74569EDF26FA8BBF00D58821 /* UltraDrawerView in Frameworks */ = {isa = PBXBuildFile; productRef = 74569EDE26FA8BBF00D58821 /* UltraDrawerView */; };
		746192D626AC549400CCCB71 /* UITableView+Reuse.swift in Sources */ = {isa = PBXBuildFile; fileRef = 746192D526AC549400CCCB71 /* UITableView+Reuse.swift */; };
		746192D826AC54A800CCCB71 /* UICollectionView+Reuse.swift in Sources */ = {isa = PBXBuildFile; fileRef = 746192D726AC54A800CCCB71 /* UICollectionView+Reuse.swift */; };
		746192DB26AC54C800CCCB71 /* CellView.swift in Sources */ = {isa = PBXBuildFile; fileRef = 746192DA26AC54C800CCCB71 /* CellView.swift */; };
		746192DD26AC554D00CCCB71 /* TableCellWrapper.swift in Sources */ = {isa = PBXBuildFile; fileRef = 746192DC26AC554D00CCCB71 /* TableCellWrapper.swift */; };
		746192DF26AC556000CCCB71 /* CollectionCellWrapper.swift in Sources */ = {isa = PBXBuildFile; fileRef = 746192DE26AC556000CCCB71 /* CollectionCellWrapper.swift */; };
		746192E126AC557100CCCB71 /* CollectionReuseViewWrapper.swift in Sources */ = {isa = PBXBuildFile; fileRef = 746192E026AC557100CCCB71 /* CollectionReuseViewWrapper.swift */; };
		746192E326AC55F700CCCB71 /* TableViewHeaderFooterViewWrapper.swift in Sources */ = {isa = PBXBuildFile; fileRef = 746192E226AC55F700CCCB71 /* TableViewHeaderFooterViewWrapper.swift */; };
		746192E626AC56ED00CCCB71 /* BottomSheetViewController.swift in Sources */ = {isa = PBXBuildFile; fileRef = 746192E526AC56ED00CCCB71 /* BottomSheetViewController.swift */; };
		746769EC26F922B400158FFC /* RoutePassingViewController.swift in Sources */ = {isa = PBXBuildFile; fileRef = 746769EB26F922B400158FFC /* RoutePassingViewController.swift */; };
		74681B8F2741B8CD00F7DE10 /* UITextView+SetAttributedText.swift in Sources */ = {isa = PBXBuildFile; fileRef = 74681B8E2741B8CD00F7DE10 /* UITextView+SetAttributedText.swift */; };
		746A100E26F6192F002CB7E2 /* ChipsLayout.swift in Sources */ = {isa = PBXBuildFile; fileRef = 746A100D26F6192F002CB7E2 /* ChipsLayout.swift */; };
		746A101026F619AF002CB7E2 /* SeparatorCell.swift in Sources */ = {isa = PBXBuildFile; fileRef = 746A100F26F619AF002CB7E2 /* SeparatorCell.swift */; };
		746A101226F620E0002CB7E2 /* PersonHeaderCell.swift in Sources */ = {isa = PBXBuildFile; fileRef = 746A101126F620E0002CB7E2 /* PersonHeaderCell.swift */; };
		746A101426F6276E002CB7E2 /* AlertCell.swift in Sources */ = {isa = PBXBuildFile; fileRef = 746A101326F6276E002CB7E2 /* AlertCell.swift */; };
		746BCCC526A8BA6C009CC823 /* RouteViewController.swift in Sources */ = {isa = PBXBuildFile; fileRef = 746BCCC126A8BA6C009CC823 /* RouteViewController.swift */; };
		746BCCC826A8BD59009CC823 /* HeaderView.swift in Sources */ = {isa = PBXBuildFile; fileRef = 746BCCC726A8BD59009CC823 /* HeaderView.swift */; };
		746BCCCA26A8BFB1009CC823 /* UIFont+MainFont.swift in Sources */ = {isa = PBXBuildFile; fileRef = 746BCCC926A8BFB1009CC823 /* UIFont+MainFont.swift */; };
		747A0E5A26FE1F8400EB1973 /* PageIndexCell.swift in Sources */ = {isa = PBXBuildFile; fileRef = 747A0E5926FE1F8400EB1973 /* PageIndexCell.swift */; };
		747A0E5C26FE214C00EB1973 /* EndRouteButtonView.swift in Sources */ = {isa = PBXBuildFile; fileRef = 747A0E5B26FE214C00EB1973 /* EndRouteButtonView.swift */; };
		747A0E5E26FE2AB700EB1973 /* RoutePointCell.swift in Sources */ = {isa = PBXBuildFile; fileRef = 747A0E5D26FE2AB700EB1973 /* RoutePointCell.swift */; };
		747A0E6226FE83BF00EB1973 /* RoutePointsCollectionCell.swift in Sources */ = {isa = PBXBuildFile; fileRef = 747A0E6126FE83BF00EB1973 /* RoutePointsCollectionCell.swift */; };
		748299DF26AA0A1A00573DC3 /* RoutesData.swift in Sources */ = {isa = PBXBuildFile; fileRef = 748299DE26AA0A1A00573DC3 /* RoutesData.swift */; };
		74834C0F2729923A00631D09 /* helveticaneuecyr-bolditalic.ttf in Resources */ = {isa = PBXBuildFile; fileRef = 74834C0E2729923A00631D09 /* helveticaneuecyr-bolditalic.ttf */; };
		74834C112729924000631D09 /* helveticaneuecyr-italic.ttf in Resources */ = {isa = PBXBuildFile; fileRef = 74834C102729923F00631D09 /* helveticaneuecyr-italic.ttf */; };
		7485E3792709BD52008DAB99 /* PersonInfoCell.swift in Sources */ = {isa = PBXBuildFile; fileRef = 7485E3782709BD52008DAB99 /* PersonInfoCell.swift */; };
		748C94CE272FEFAF00202D47 /* LocationService.swift in Sources */ = {isa = PBXBuildFile; fileRef = 748C94CD272FEFAF00202D47 /* LocationService.swift */; };
		748EE633270F911800301552 /* Route.swift in Sources */ = {isa = PBXBuildFile; fileRef = 748EE632270F911800301552 /* Route.swift */; };
		748EE635270F913000301552 /* PersonInfo.swift in Sources */ = {isa = PBXBuildFile; fileRef = 748EE634270F913000301552 /* PersonInfo.swift */; };
		748EE637270F914600301552 /* LocationCoordinates.swift in Sources */ = {isa = PBXBuildFile; fileRef = 748EE636270F914600301552 /* LocationCoordinates.swift */; };
		748EE639270F915C00301552 /* Place.swift in Sources */ = {isa = PBXBuildFile; fileRef = 748EE638270F915C00301552 /* Place.swift */; };
		748EE63B270F916800301552 /* Person.swift in Sources */ = {isa = PBXBuildFile; fileRef = 748EE63A270F916800301552 /* Person.swift */; };
		748EE63D270F917600301552 /* ShortInfo.swift in Sources */ = {isa = PBXBuildFile; fileRef = 748EE63C270F917600301552 /* ShortInfo.swift */; };
		748FFD9626E55535009CA688 /* Logger.swift in Sources */ = {isa = PBXBuildFile; fileRef = 748FFD9526E55535009CA688 /* Logger.swift */; };
		748FFD9926E55594009CA688 /* RequestSender.swift in Sources */ = {isa = PBXBuildFile; fileRef = 748FFD9826E55594009CA688 /* RequestSender.swift */; };
		748FFD9B26E555CB009CA688 /* Parser.swift in Sources */ = {isa = PBXBuildFile; fileRef = 748FFD9A26E555CB009CA688 /* Parser.swift */; };
		74C51A282725EDC40066C43E /* MarkdownMerger.swift in Sources */ = {isa = PBXBuildFile; fileRef = 74C51A272725EDC40066C43E /* MarkdownMerger.swift */; };
		74C51A2A2725EFCA0066C43E /* MarkdownNode.swift in Sources */ = {isa = PBXBuildFile; fileRef = 74C51A292725EFCA0066C43E /* MarkdownNode.swift */; };
		74C51A2C2725EFF90066C43E /* String+Subscript.swift in Sources */ = {isa = PBXBuildFile; fileRef = 74C51A2B2725EFF90066C43E /* String+Subscript.swift */; };
		74C5D8D326FD237700034432 /* Button.swift in Sources */ = {isa = PBXBuildFile; fileRef = 74C5D8D226FD237700034432 /* Button.swift */; };
		74C6CFCA26BF1E0D00104457 /* ButtonCell.swift in Sources */ = {isa = PBXBuildFile; fileRef = 74C6CFC926BF1E0D00104457 /* ButtonCell.swift */; };
		74C8AB8E272885A5005EC02E /* MarkdownConfigurator.swift in Sources */ = {isa = PBXBuildFile; fileRef = 74C8AB8D272885A5005EC02E /* MarkdownConfigurator.swift */; };
		74CD387926FF3E4600D5CCDE /* PagerProtocols.swift in Sources */ = {isa = PBXBuildFile; fileRef = 74CD387826FF3E4600D5CCDE /* PagerProtocols.swift */; };
		74D4AB5A26AF3F2C009CAD3A /* RouteDescriptionViewController.swift in Sources */ = {isa = PBXBuildFile; fileRef = 74D4AB5926AF3F2C009CAD3A /* RouteDescriptionViewController.swift */; };
		74D4AB5C26AF446E009CAD3A /* BottomSheetsManager.swift in Sources */ = {isa = PBXBuildFile; fileRef = 74D4AB5B26AF446E009CAD3A /* BottomSheetsManager.swift */; };
		74D4AB5E26AF4870009CAD3A /* Action.swift in Sources */ = {isa = PBXBuildFile; fileRef = 74D4AB5D26AF4870009CAD3A /* Action.swift */; };
		74E729B326F2946800775D37 /* EntityHeaderCell.swift in Sources */ = {isa = PBXBuildFile; fileRef = 74E729B226F2946800775D37 /* EntityHeaderCell.swift */; };
		74E729B526F2978200775D37 /* RouteHeaderCell.swift in Sources */ = {isa = PBXBuildFile; fileRef = 74E729B426F2978200775D37 /* RouteHeaderCell.swift */; };
		74EBC36826F503500002EEAE /* HandlerView.swift in Sources */ = {isa = PBXBuildFile; fileRef = 74EBC36726F503500002EEAE /* HandlerView.swift */; };
		74F52A31272593CC00343334 /* MarkdownParser.swift in Sources */ = {isa = PBXBuildFile; fileRef = 74F52A30272593CC00343334 /* MarkdownParser.swift */; };
		74F52A332725946700343334 /* BlockParser.swift in Sources */ = {isa = PBXBuildFile; fileRef = 74F52A322725946700343334 /* BlockParser.swift */; };
		74F52A352725947100343334 /* FragmentParser.swift in Sources */ = {isa = PBXBuildFile; fileRef = 74F52A342725947100343334 /* FragmentParser.swift */; };
		74F739FC272B50DE007C5450 /* TableSuccessDataSource.swift in Sources */ = {isa = PBXBuildFile; fileRef = 74F739F4272B50DE007C5450 /* TableSuccessDataSource.swift */; };
		74F739FD272B50DE007C5450 /* CustomTableViewDataSource.swift in Sources */ = {isa = PBXBuildFile; fileRef = 74F739F5272B50DE007C5450 /* CustomTableViewDataSource.swift */; };
		74F739FE272B50DE007C5450 /* BaseTableView.swift in Sources */ = {isa = PBXBuildFile; fileRef = 74F739F6272B50DE007C5450 /* BaseTableView.swift */; };
		74F739FF272B50DE007C5450 /* BaseCollectionView.swift in Sources */ = {isa = PBXBuildFile; fileRef = 74F739F8272B50DE007C5450 /* BaseCollectionView.swift */; };
		74F73A00272B50DE007C5450 /* CollectionSuccessDataSource.swift in Sources */ = {isa = PBXBuildFile; fileRef = 74F739F9272B50DE007C5450 /* CollectionSuccessDataSource.swift */; };
		74F73A01272B50DE007C5450 /* CustomCollectionViewDataSource.swift in Sources */ = {isa = PBXBuildFile; fileRef = 74F739FA272B50DE007C5450 /* CustomCollectionViewDataSource.swift */; };
		74F73A02272B50DE007C5450 /* LoadingStatus.swift in Sources */ = {isa = PBXBuildFile; fileRef = 74F739FB272B50DE007C5450 /* LoadingStatus.swift */; };
		74F73A04272B5213007C5450 /* LoadingCell.swift in Sources */ = {isa = PBXBuildFile; fileRef = 74F73A03272B5213007C5450 /* LoadingCell.swift */; };
		74F73A06272B528A007C5450 /* EmptyStateCell.swift in Sources */ = {isa = PBXBuildFile; fileRef = 74F73A05272B528A007C5450 /* EmptyStateCell.swift */; };
		74FD656926B0ABDA00F824DD /* Stack.swift in Sources */ = {isa = PBXBuildFile; fileRef = 74FD656826B0ABDA00F824DD /* Stack.swift */; };
		74FFB59426EFE55B0060D948 /* RouteCell.swift in Sources */ = {isa = PBXBuildFile; fileRef = 74FFB59326EFE55B0060D948 /* RouteCell.swift */; };
		74FFB59726EFE64E0060D948 /* ImageView in Frameworks */ = {isa = PBXBuildFile; productRef = 74FFB59626EFE64E0060D948 /* ImageView */; };
		74FFB59926EFE9190060D948 /* InfoView.swift in Sources */ = {isa = PBXBuildFile; fileRef = 74FFB59826EFE9190060D948 /* InfoView.swift */; };
		74FFB59C26EFEE510060D948 /* SFSymbol.swift in Sources */ = {isa = PBXBuildFile; fileRef = 74FFB59B26EFEE510060D948 /* SFSymbol.swift */; };
/* End PBXBuildFile section */

/* Begin PBXFileReference section */
		7402660B26A76379006242FE /* MoscowNeighbours.app */ = {isa = PBXFileReference; explicitFileType = wrapper.application; includeInIndex = 0; path = MoscowNeighbours.app; sourceTree = BUILT_PRODUCTS_DIR; };
		7402660E26A76379006242FE /* AppDelegate.swift */ = {isa = PBXFileReference; lastKnownFileType = sourcecode.swift; path = AppDelegate.swift; sourceTree = "<group>"; };
		7402661026A76379006242FE /* SceneDelegate.swift */ = {isa = PBXFileReference; lastKnownFileType = sourcecode.swift; path = SceneDelegate.swift; sourceTree = "<group>"; };
		7402661226A76379006242FE /* MapViewController.swift */ = {isa = PBXFileReference; lastKnownFileType = sourcecode.swift; path = MapViewController.swift; sourceTree = "<group>"; };
		7402661726A7637A006242FE /* Assets.xcassets */ = {isa = PBXFileReference; lastKnownFileType = folder.assetcatalog; path = Assets.xcassets; sourceTree = "<group>"; };
		7402661A26A7637A006242FE /* Base */ = {isa = PBXFileReference; lastKnownFileType = file.storyboard; name = Base; path = Base.lproj/LaunchScreen.storyboard; sourceTree = "<group>"; };
		7402661C26A7637A006242FE /* Info.plist */ = {isa = PBXFileReference; lastKnownFileType = text.plist.xml; path = Info.plist; sourceTree = "<group>"; };
		7402662326A765AC006242FE /* UIView+Layout.swift */ = {isa = PBXFileReference; lastKnownFileType = sourcecode.swift; path = "UIView+Layout.swift"; sourceTree = "<group>"; };
		7402E43F2739AE020092C8C4 /* MapKit.framework */ = {isa = PBXFileReference; lastKnownFileType = wrapper.framework; name = MapKit.framework; path = System/Library/Frameworks/MapKit.framework; sourceTree = SDKROOT; };
		7404A61026B87FAF00524453 /* TextCell.swift */ = {isa = PBXFileReference; lastKnownFileType = sourcecode.swift; path = TextCell.swift; sourceTree = "<group>"; };
		7404A61326B8874A00524453 /* PersonViewController.swift */ = {isa = PBXFileReference; lastKnownFileType = sourcecode.swift; path = PersonViewController.swift; sourceTree = "<group>"; };
		7415479226B08C89006931DC /* PersonCell.swift */ = {isa = PBXFileReference; lastKnownFileType = sourcecode.swift; path = PersonCell.swift; sourceTree = "<group>"; };
		741D407B2706518C0051A518 /* UILabel+SetAttributedText.swift */ = {isa = PBXFileReference; lastKnownFileType = sourcecode.swift; path = "UILabel+SetAttributedText.swift"; sourceTree = "<group>"; };
		741D407D270655560051A518 /* PersonInfoBaseCell.swift */ = {isa = PBXFileReference; lastKnownFileType = sourcecode.swift; path = PersonInfoBaseCell.swift; sourceTree = "<group>"; };
		741EF4872708F28200F84986 /* NotificationService.swift */ = {isa = PBXFileReference; lastKnownFileType = sourcecode.swift; path = NotificationService.swift; sourceTree = "<group>"; };
		7420CE2026BAAE290034533F /* RouteFinder.swift */ = {isa = PBXFileReference; lastKnownFileType = sourcecode.swift; path = RouteFinder.swift; sourceTree = "<group>"; };
		7420CE2226BAAE530034533F /* CLLocationCoordinate2D+Equatable.swift */ = {isa = PBXFileReference; lastKnownFileType = sourcecode.swift; path = "CLLocationCoordinate2D+Equatable.swift"; sourceTree = "<group>"; };
		742283BD26BB29AB003F814E /* Colors.xcassets */ = {isa = PBXFileReference; lastKnownFileType = folder.assetcatalog; path = Colors.xcassets; sourceTree = "<group>"; };
		742283BF26BB29EA003F814E /* UIColor+ProjectColors.swift */ = {isa = PBXFileReference; lastKnownFileType = sourcecode.swift; path = "UIColor+ProjectColors.swift"; sourceTree = "<group>"; };
		742283C126BB2AC4003F814E /* UIView+Shadow.swift */ = {isa = PBXFileReference; lastKnownFileType = sourcecode.swift; path = "UIView+Shadow.swift"; sourceTree = "<group>"; };
		7422A9C226BC707A00FE995E /* ARPersonPerview.swift */ = {isa = PBXFileReference; lastKnownFileType = sourcecode.swift; path = ARPersonPerview.swift; sourceTree = "<group>"; };
		7422A9C426BC751500FE995E /* CosmonautSuit.reality */ = {isa = PBXFileReference; lastKnownFileType = file; path = CosmonautSuit.reality; sourceTree = "<group>"; };
		742EFE8C26F14168009A5126 /* GradientView.swift */ = {isa = PBXFileReference; lastKnownFileType = sourcecode.swift; path = GradientView.swift; sourceTree = "<group>"; };
		74346FB326F3E0AE0060357A /* helveticaneuecyr-roman.ttf */ = {isa = PBXFileReference; lastKnownFileType = file; path = "helveticaneuecyr-roman.ttf"; sourceTree = "<group>"; };
		74346FB426F3E0B70060357A /* helveticaneuecyr-bold.ttf */ = {isa = PBXFileReference; lastKnownFileType = file; path = "helveticaneuecyr-bold.ttf"; sourceTree = "<group>"; };
		74346FB726F3E24D0060357A /* helveticaneuecyr-medium.ttf */ = {isa = PBXFileReference; lastKnownFileType = file; path = "helveticaneuecyr-medium.ttf"; sourceTree = "<group>"; };
		74346FB926F3E3FB0060357A /* MKMapView+Annotations.swift */ = {isa = PBXFileReference; lastKnownFileType = sourcecode.swift; path = "MKMapView+Annotations.swift"; sourceTree = "<group>"; };
		7443988126E6B80F003FC860 /* BaseNetworkService.swift */ = {isa = PBXFileReference; lastKnownFileType = sourcecode.swift; path = BaseNetworkService.swift; sourceTree = "<group>"; };
		7443988326E6B9C7003FC860 /* RequestPreparation.swift */ = {isa = PBXFileReference; lastKnownFileType = sourcecode.swift; path = RequestPreparation.swift; sourceTree = "<group>"; };
		7443988726E6B9EA003FC860 /* Request.swift */ = {isa = PBXFileReference; lastKnownFileType = sourcecode.swift; path = Request.swift; sourceTree = "<group>"; };
		7443988926E6B9F5003FC860 /* RequestResult.swift */ = {isa = PBXFileReference; lastKnownFileType = sourcecode.swift; path = RequestResult.swift; sourceTree = "<group>"; };
		7443988B26E6BAA4003FC860 /* RoutesService.swift */ = {isa = PBXFileReference; lastKnownFileType = sourcecode.swift; path = RoutesService.swift; sourceTree = "<group>"; };
		7443988D26E6BB3F003FC860 /* RequestConstants.swift */ = {isa = PBXFileReference; lastKnownFileType = sourcecode.swift; path = RequestConstants.swift; sourceTree = "<group>"; };
		746192D526AC549400CCCB71 /* UITableView+Reuse.swift */ = {isa = PBXFileReference; lastKnownFileType = sourcecode.swift; path = "UITableView+Reuse.swift"; sourceTree = "<group>"; };
		746192D726AC54A800CCCB71 /* UICollectionView+Reuse.swift */ = {isa = PBXFileReference; lastKnownFileType = sourcecode.swift; path = "UICollectionView+Reuse.swift"; sourceTree = "<group>"; };
		746192DA26AC54C800CCCB71 /* CellView.swift */ = {isa = PBXFileReference; lastKnownFileType = sourcecode.swift; path = CellView.swift; sourceTree = "<group>"; };
		746192DC26AC554D00CCCB71 /* TableCellWrapper.swift */ = {isa = PBXFileReference; lastKnownFileType = sourcecode.swift; path = TableCellWrapper.swift; sourceTree = "<group>"; };
		746192DE26AC556000CCCB71 /* CollectionCellWrapper.swift */ = {isa = PBXFileReference; lastKnownFileType = sourcecode.swift; path = CollectionCellWrapper.swift; sourceTree = "<group>"; };
		746192E026AC557100CCCB71 /* CollectionReuseViewWrapper.swift */ = {isa = PBXFileReference; lastKnownFileType = sourcecode.swift; path = CollectionReuseViewWrapper.swift; sourceTree = "<group>"; };
		746192E226AC55F700CCCB71 /* TableViewHeaderFooterViewWrapper.swift */ = {isa = PBXFileReference; lastKnownFileType = sourcecode.swift; path = TableViewHeaderFooterViewWrapper.swift; sourceTree = "<group>"; };
		746192E526AC56ED00CCCB71 /* BottomSheetViewController.swift */ = {isa = PBXFileReference; lastKnownFileType = sourcecode.swift; path = BottomSheetViewController.swift; sourceTree = "<group>"; };
		746769EB26F922B400158FFC /* RoutePassingViewController.swift */ = {isa = PBXFileReference; lastKnownFileType = sourcecode.swift; path = RoutePassingViewController.swift; sourceTree = "<group>"; };
		74681B8E2741B8CD00F7DE10 /* UITextView+SetAttributedText.swift */ = {isa = PBXFileReference; lastKnownFileType = sourcecode.swift; path = "UITextView+SetAttributedText.swift"; sourceTree = "<group>"; };
		746A100D26F6192F002CB7E2 /* ChipsLayout.swift */ = {isa = PBXFileReference; lastKnownFileType = sourcecode.swift; path = ChipsLayout.swift; sourceTree = "<group>"; };
		746A100F26F619AF002CB7E2 /* SeparatorCell.swift */ = {isa = PBXFileReference; lastKnownFileType = sourcecode.swift; path = SeparatorCell.swift; sourceTree = "<group>"; };
		746A101126F620E0002CB7E2 /* PersonHeaderCell.swift */ = {isa = PBXFileReference; lastKnownFileType = sourcecode.swift; path = PersonHeaderCell.swift; sourceTree = "<group>"; };
		746A101326F6276E002CB7E2 /* AlertCell.swift */ = {isa = PBXFileReference; lastKnownFileType = sourcecode.swift; path = AlertCell.swift; sourceTree = "<group>"; };
		746BCCC126A8BA6C009CC823 /* RouteViewController.swift */ = {isa = PBXFileReference; fileEncoding = 4; lastKnownFileType = sourcecode.swift; path = RouteViewController.swift; sourceTree = "<group>"; };
		746BCCC726A8BD59009CC823 /* HeaderView.swift */ = {isa = PBXFileReference; lastKnownFileType = sourcecode.swift; path = HeaderView.swift; sourceTree = "<group>"; };
		746BCCC926A8BFB1009CC823 /* UIFont+MainFont.swift */ = {isa = PBXFileReference; lastKnownFileType = sourcecode.swift; path = "UIFont+MainFont.swift"; sourceTree = "<group>"; };
		747A0E5926FE1F8400EB1973 /* PageIndexCell.swift */ = {isa = PBXFileReference; lastKnownFileType = sourcecode.swift; path = PageIndexCell.swift; sourceTree = "<group>"; };
		747A0E5B26FE214C00EB1973 /* EndRouteButtonView.swift */ = {isa = PBXFileReference; lastKnownFileType = sourcecode.swift; path = EndRouteButtonView.swift; sourceTree = "<group>"; };
		747A0E5D26FE2AB700EB1973 /* RoutePointCell.swift */ = {isa = PBXFileReference; lastKnownFileType = sourcecode.swift; path = RoutePointCell.swift; sourceTree = "<group>"; };
		747A0E6126FE83BF00EB1973 /* RoutePointsCollectionCell.swift */ = {isa = PBXFileReference; lastKnownFileType = sourcecode.swift; path = RoutePointsCollectionCell.swift; sourceTree = "<group>"; };
		748299DE26AA0A1A00573DC3 /* RoutesData.swift */ = {isa = PBXFileReference; lastKnownFileType = sourcecode.swift; path = RoutesData.swift; sourceTree = "<group>"; };
		74834C0E2729923A00631D09 /* helveticaneuecyr-bolditalic.ttf */ = {isa = PBXFileReference; lastKnownFileType = file; path = "helveticaneuecyr-bolditalic.ttf"; sourceTree = "<group>"; };
		74834C102729923F00631D09 /* helveticaneuecyr-italic.ttf */ = {isa = PBXFileReference; lastKnownFileType = file; path = "helveticaneuecyr-italic.ttf"; sourceTree = "<group>"; };
		7485E3782709BD52008DAB99 /* PersonInfoCell.swift */ = {isa = PBXFileReference; lastKnownFileType = sourcecode.swift; path = PersonInfoCell.swift; sourceTree = "<group>"; };
		748C94CD272FEFAF00202D47 /* LocationService.swift */ = {isa = PBXFileReference; lastKnownFileType = sourcecode.swift; path = LocationService.swift; sourceTree = "<group>"; };
		748EE632270F911800301552 /* Route.swift */ = {isa = PBXFileReference; lastKnownFileType = sourcecode.swift; path = Route.swift; sourceTree = "<group>"; };
		748EE634270F913000301552 /* PersonInfo.swift */ = {isa = PBXFileReference; lastKnownFileType = sourcecode.swift; path = PersonInfo.swift; sourceTree = "<group>"; };
		748EE636270F914600301552 /* LocationCoordinates.swift */ = {isa = PBXFileReference; lastKnownFileType = sourcecode.swift; path = LocationCoordinates.swift; sourceTree = "<group>"; };
		748EE638270F915C00301552 /* Place.swift */ = {isa = PBXFileReference; lastKnownFileType = sourcecode.swift; path = Place.swift; sourceTree = "<group>"; };
		748EE63A270F916800301552 /* Person.swift */ = {isa = PBXFileReference; lastKnownFileType = sourcecode.swift; path = Person.swift; sourceTree = "<group>"; };
		748EE63C270F917600301552 /* ShortInfo.swift */ = {isa = PBXFileReference; lastKnownFileType = sourcecode.swift; path = ShortInfo.swift; sourceTree = "<group>"; };
		748FFD9526E55535009CA688 /* Logger.swift */ = {isa = PBXFileReference; lastKnownFileType = sourcecode.swift; path = Logger.swift; sourceTree = "<group>"; };
		748FFD9826E55594009CA688 /* RequestSender.swift */ = {isa = PBXFileReference; lastKnownFileType = sourcecode.swift; path = RequestSender.swift; sourceTree = "<group>"; };
		748FFD9A26E555CB009CA688 /* Parser.swift */ = {isa = PBXFileReference; lastKnownFileType = sourcecode.swift; path = Parser.swift; sourceTree = "<group>"; };
		7498640226C0188300AF4E0E /* point.gpx */ = {isa = PBXFileReference; lastKnownFileType = text.xml; path = point.gpx; sourceTree = "<group>"; };
		74C51A272725EDC40066C43E /* MarkdownMerger.swift */ = {isa = PBXFileReference; lastKnownFileType = sourcecode.swift; path = MarkdownMerger.swift; sourceTree = "<group>"; };
		74C51A292725EFCA0066C43E /* MarkdownNode.swift */ = {isa = PBXFileReference; lastKnownFileType = sourcecode.swift; path = MarkdownNode.swift; sourceTree = "<group>"; };
		74C51A2B2725EFF90066C43E /* String+Subscript.swift */ = {isa = PBXFileReference; lastKnownFileType = sourcecode.swift; path = "String+Subscript.swift"; sourceTree = "<group>"; };
		74C5D8D226FD237700034432 /* Button.swift */ = {isa = PBXFileReference; lastKnownFileType = sourcecode.swift; path = Button.swift; sourceTree = "<group>"; };
		74C6CFC926BF1E0D00104457 /* ButtonCell.swift */ = {isa = PBXFileReference; lastKnownFileType = sourcecode.swift; path = ButtonCell.swift; sourceTree = "<group>"; };
		74C8AB8D272885A5005EC02E /* MarkdownConfigurator.swift */ = {isa = PBXFileReference; lastKnownFileType = sourcecode.swift; path = MarkdownConfigurator.swift; sourceTree = "<group>"; };
		74CD387826FF3E4600D5CCDE /* PagerProtocols.swift */ = {isa = PBXFileReference; lastKnownFileType = sourcecode.swift; path = PagerProtocols.swift; sourceTree = "<group>"; };
		74D4AB5926AF3F2C009CAD3A /* RouteDescriptionViewController.swift */ = {isa = PBXFileReference; lastKnownFileType = sourcecode.swift; path = RouteDescriptionViewController.swift; sourceTree = "<group>"; };
		74D4AB5B26AF446E009CAD3A /* BottomSheetsManager.swift */ = {isa = PBXFileReference; lastKnownFileType = sourcecode.swift; path = BottomSheetsManager.swift; sourceTree = "<group>"; };
		74D4AB5D26AF4870009CAD3A /* Action.swift */ = {isa = PBXFileReference; lastKnownFileType = sourcecode.swift; path = Action.swift; sourceTree = "<group>"; };
		74E729B226F2946800775D37 /* EntityHeaderCell.swift */ = {isa = PBXFileReference; lastKnownFileType = sourcecode.swift; path = EntityHeaderCell.swift; sourceTree = "<group>"; };
		74E729B426F2978200775D37 /* RouteHeaderCell.swift */ = {isa = PBXFileReference; lastKnownFileType = sourcecode.swift; path = RouteHeaderCell.swift; sourceTree = "<group>"; };
		74EBC36726F503500002EEAE /* HandlerView.swift */ = {isa = PBXFileReference; lastKnownFileType = sourcecode.swift; path = HandlerView.swift; sourceTree = "<group>"; };
		74F52A30272593CC00343334 /* MarkdownParser.swift */ = {isa = PBXFileReference; lastKnownFileType = sourcecode.swift; path = MarkdownParser.swift; sourceTree = "<group>"; };
		74F52A322725946700343334 /* BlockParser.swift */ = {isa = PBXFileReference; lastKnownFileType = sourcecode.swift; path = BlockParser.swift; sourceTree = "<group>"; };
		74F52A342725947100343334 /* FragmentParser.swift */ = {isa = PBXFileReference; lastKnownFileType = sourcecode.swift; path = FragmentParser.swift; sourceTree = "<group>"; };
		74F739F4272B50DE007C5450 /* TableSuccessDataSource.swift */ = {isa = PBXFileReference; fileEncoding = 4; lastKnownFileType = sourcecode.swift; path = TableSuccessDataSource.swift; sourceTree = "<group>"; };
		74F739F5272B50DE007C5450 /* CustomTableViewDataSource.swift */ = {isa = PBXFileReference; fileEncoding = 4; lastKnownFileType = sourcecode.swift; path = CustomTableViewDataSource.swift; sourceTree = "<group>"; };
		74F739F6272B50DE007C5450 /* BaseTableView.swift */ = {isa = PBXFileReference; fileEncoding = 4; lastKnownFileType = sourcecode.swift; path = BaseTableView.swift; sourceTree = "<group>"; };
		74F739F8272B50DE007C5450 /* BaseCollectionView.swift */ = {isa = PBXFileReference; fileEncoding = 4; lastKnownFileType = sourcecode.swift; path = BaseCollectionView.swift; sourceTree = "<group>"; };
		74F739F9272B50DE007C5450 /* CollectionSuccessDataSource.swift */ = {isa = PBXFileReference; fileEncoding = 4; lastKnownFileType = sourcecode.swift; path = CollectionSuccessDataSource.swift; sourceTree = "<group>"; };
		74F739FA272B50DE007C5450 /* CustomCollectionViewDataSource.swift */ = {isa = PBXFileReference; fileEncoding = 4; lastKnownFileType = sourcecode.swift; path = CustomCollectionViewDataSource.swift; sourceTree = "<group>"; };
		74F739FB272B50DE007C5450 /* LoadingStatus.swift */ = {isa = PBXFileReference; fileEncoding = 4; lastKnownFileType = sourcecode.swift; path = LoadingStatus.swift; sourceTree = "<group>"; };
		74F73A03272B5213007C5450 /* LoadingCell.swift */ = {isa = PBXFileReference; lastKnownFileType = sourcecode.swift; path = LoadingCell.swift; sourceTree = "<group>"; };
		74F73A05272B528A007C5450 /* EmptyStateCell.swift */ = {isa = PBXFileReference; lastKnownFileType = sourcecode.swift; path = EmptyStateCell.swift; sourceTree = "<group>"; };
		74FD656826B0ABDA00F824DD /* Stack.swift */ = {isa = PBXFileReference; lastKnownFileType = sourcecode.swift; path = Stack.swift; sourceTree = "<group>"; };
		74FFB59326EFE55B0060D948 /* RouteCell.swift */ = {isa = PBXFileReference; lastKnownFileType = sourcecode.swift; path = RouteCell.swift; sourceTree = "<group>"; };
		74FFB59826EFE9190060D948 /* InfoView.swift */ = {isa = PBXFileReference; lastKnownFileType = sourcecode.swift; path = InfoView.swift; sourceTree = "<group>"; };
		74FFB59B26EFEE510060D948 /* SFSymbol.swift */ = {isa = PBXFileReference; lastKnownFileType = sourcecode.swift; path = SFSymbol.swift; sourceTree = "<group>"; };
/* End PBXFileReference section */

/* Begin PBXFrameworksBuildPhase section */
		7402660826A76379006242FE /* Frameworks */ = {
			isa = PBXFrameworksBuildPhase;
			buildActionMask = 2147483647;
			files = (
				74FFB59726EFE64E0060D948 /* ImageView in Frameworks */,
				7402E4402739AE020092C8C4 /* MapKit.framework in Frameworks */,
				74569EDF26FA8BBF00D58821 /* UltraDrawerView in Frameworks */,
			);
			runOnlyForDeploymentPostprocessing = 0;
		};
/* End PBXFrameworksBuildPhase section */

/* Begin PBXGroup section */
		7402660226A76379006242FE = {
			isa = PBXGroup;
			children = (
				7498640226C0188300AF4E0E /* point.gpx */,
				7402660D26A76379006242FE /* MoscowNeighbours */,
				7402660C26A76379006242FE /* Products */,
				7402E43E2739AE020092C8C4 /* Frameworks */,
			);
			sourceTree = "<group>";
		};
		7402660C26A76379006242FE /* Products */ = {
			isa = PBXGroup;
			children = (
				7402660B26A76379006242FE /* MoscowNeighbours.app */,
			);
			name = Products;
			sourceTree = "<group>";
		};
		7402660D26A76379006242FE /* MoscowNeighbours */ = {
			isa = PBXGroup;
			children = (
				7402662626A765E7006242FE /* UI */,
				748FFD9426E55193009CA688 /* Network */,
				748EE631270F910B00301552 /* Models */,
				74D4AB5626AF3E5A009CAD3A /* MockData */,
				7402662226A7659F006242FE /* Helpers */,
				74F52A2D272591EB00343334 /* Markdown */,
				742283BC26BB2998003F814E /* Assets */,
				7402662526A765BA006242FE /* Utility */,
				7402661926A7637A006242FE /* LaunchScreen.storyboard */,
				7402661C26A7637A006242FE /* Info.plist */,
			);
			path = MoscowNeighbours;
			sourceTree = "<group>";
		};
		7402662226A7659F006242FE /* Helpers */ = {
			isa = PBXGroup;
			children = (
				74F739F2272B50DE007C5450 /* Loader */,
				7402662326A765AC006242FE /* UIView+Layout.swift */,
				746BCCC926A8BFB1009CC823 /* UIFont+MainFont.swift */,
				746192D526AC549400CCCB71 /* UITableView+Reuse.swift */,
				746192D726AC54A800CCCB71 /* UICollectionView+Reuse.swift */,
				74D4AB5D26AF4870009CAD3A /* Action.swift */,
				74FD656826B0ABDA00F824DD /* Stack.swift */,
				7420CE2226BAAE530034533F /* CLLocationCoordinate2D+Equatable.swift */,
				742283C126BB2AC4003F814E /* UIView+Shadow.swift */,
				748FFD9526E55535009CA688 /* Logger.swift */,
				74FFB59B26EFEE510060D948 /* SFSymbol.swift */,
				74346FB926F3E3FB0060357A /* MKMapView+Annotations.swift */,
				746A100D26F6192F002CB7E2 /* ChipsLayout.swift */,
				741D407B2706518C0051A518 /* UILabel+SetAttributedText.swift */,
				74681B8E2741B8CD00F7DE10 /* UITextView+SetAttributedText.swift */,
				74C51A2B2725EFF90066C43E /* String+Subscript.swift */,
			);
			path = Helpers;
			sourceTree = "<group>";
		};
		7402662526A765BA006242FE /* Utility */ = {
			isa = PBXGroup;
			children = (
				7402660E26A76379006242FE /* AppDelegate.swift */,
				7402661026A76379006242FE /* SceneDelegate.swift */,
			);
			path = Utility;
			sourceTree = "<group>";
		};
		7402662626A765E7006242FE /* UI */ = {
			isa = PBXGroup;
			children = (
				746192D926AC54BF00CCCB71 /* Common */,
				74D4AB5726AF3E92009CAD3A /* Map */,
				746BCCBE26A8BA6C009CC823 /* Routes */,
				74D4AB5826AF3F16009CAD3A /* RouteDescription */,
				7404A61226B8873500524453 /* Person */,
				746769EA26F9229900158FFC /* RoutePassing */,
			);
			path = UI;
			sourceTree = "<group>";
		};
		7402E43E2739AE020092C8C4 /* Frameworks */ = {
			isa = PBXGroup;
			children = (
				7402E43F2739AE020092C8C4 /* MapKit.framework */,
			);
			name = Frameworks;
			sourceTree = "<group>";
		};
		7404A61226B8873500524453 /* Person */ = {
			isa = PBXGroup;
			children = (
				7404A61326B8874A00524453 /* PersonViewController.swift */,
				7419E1D326BEB0BF00E31BDD /* Cells */,
			);
			path = Person;
			sourceTree = "<group>";
		};
		7415479626B0974A006931DC /* Cells */ = {
			isa = PBXGroup;
			children = (
				74E729B426F2978200775D37 /* RouteHeaderCell.swift */,
				7415479226B08C89006931DC /* PersonCell.swift */,
			);
			path = Cells;
			sourceTree = "<group>";
		};
		7415479726B09754006931DC /* Cells */ = {
			isa = PBXGroup;
			children = (
				74FFB59326EFE55B0060D948 /* RouteCell.swift */,
			);
			path = Cells;
			sourceTree = "<group>";
		};
		7419E1D326BEB0BF00E31BDD /* Cells */ = {
			isa = PBXGroup;
			children = (
				746A101126F620E0002CB7E2 /* PersonHeaderCell.swift */,
				741D407D270655560051A518 /* PersonInfoBaseCell.swift */,
				7485E3782709BD52008DAB99 /* PersonInfoCell.swift */,
			);
			path = Cells;
			sourceTree = "<group>";
		};
		741EF4862708F27100F84986 /* Services */ = {
			isa = PBXGroup;
			children = (
				741EF4872708F28200F84986 /* NotificationService.swift */,
				748C94CD272FEFAF00202D47 /* LocationService.swift */,
			);
			path = Services;
			sourceTree = "<group>";
		};
		7420CE1F26BAAE170034533F /* Helpers */ = {
			isa = PBXGroup;
			children = (
				74D4AB5B26AF446E009CAD3A /* BottomSheetsManager.swift */,
				7420CE2026BAAE290034533F /* RouteFinder.swift */,
			);
			path = Helpers;
			sourceTree = "<group>";
		};
		742283BC26BB2998003F814E /* Assets */ = {
			isa = PBXGroup;
			children = (
				74346FB226F3E0A10060357A /* Colors */,
				74346FB126F3E0980060357A /* Fonts */,
				7422A9C426BC751500FE995E /* CosmonautSuit.reality */,
				7402661726A7637A006242FE /* Assets.xcassets */,
			);
			path = Assets;
			sourceTree = "<group>";
		};
		742EFE8926F14132009A5126 /* Controllers */ = {
			isa = PBXGroup;
			children = (
				746192E526AC56ED00CCCB71 /* BottomSheetViewController.swift */,
			);
			path = Controllers;
			sourceTree = "<group>";
		};
		742EFE8A26F14138009A5126 /* Views */ = {
			isa = PBXGroup;
			children = (
				746BCCC726A8BD59009CC823 /* HeaderView.swift */,
				74FFB59826EFE9190060D948 /* InfoView.swift */,
				742EFE8C26F14168009A5126 /* GradientView.swift */,
				74EBC36726F503500002EEAE /* HandlerView.swift */,
				74C5D8D226FD237700034432 /* Button.swift */,
			);
			path = Views;
			sourceTree = "<group>";
		};
		742EFE8B26F1413F009A5126 /* Cells */ = {
			isa = PBXGroup;
			children = (
				7404A61026B87FAF00524453 /* TextCell.swift */,
				74E729B226F2946800775D37 /* EntityHeaderCell.swift */,
				746A100F26F619AF002CB7E2 /* SeparatorCell.swift */,
				746A101326F6276E002CB7E2 /* AlertCell.swift */,
				74C6CFC926BF1E0D00104457 /* ButtonCell.swift */,
				74F73A03272B5213007C5450 /* LoadingCell.swift */,
				74F73A05272B528A007C5450 /* EmptyStateCell.swift */,
			);
			path = Cells;
			sourceTree = "<group>";
		};
		74346FB126F3E0980060357A /* Fonts */ = {
			isa = PBXGroup;
			children = (
				74346FB726F3E24D0060357A /* helveticaneuecyr-medium.ttf */,
				74346FB326F3E0AE0060357A /* helveticaneuecyr-roman.ttf */,
				74346FB426F3E0B70060357A /* helveticaneuecyr-bold.ttf */,
				74834C0E2729923A00631D09 /* helveticaneuecyr-bolditalic.ttf */,
				74834C102729923F00631D09 /* helveticaneuecyr-italic.ttf */,
			);
			path = Fonts;
			sourceTree = "<group>";
		};
		74346FB226F3E0A10060357A /* Colors */ = {
			isa = PBXGroup;
			children = (
				742283BD26BB29AB003F814E /* Colors.xcassets */,
				742283BF26BB29EA003F814E /* UIColor+ProjectColors.swift */,
			);
			path = Colors;
			sourceTree = "<group>";
		};
		7443988026E6B802003FC860 /* NetworkServices */ = {
			isa = PBXGroup;
			children = (
				7443988D26E6BB3F003FC860 /* RequestConstants.swift */,
				7443988126E6B80F003FC860 /* BaseNetworkService.swift */,
				7443988B26E6BAA4003FC860 /* RoutesService.swift */,
			);
			path = NetworkServices;
			sourceTree = "<group>";
		};
		746192D926AC54BF00CCCB71 /* Common */ = {
			isa = PBXGroup;
			children = (
				742EFE8926F14132009A5126 /* Controllers */,
				742EFE8A26F14138009A5126 /* Views */,
				742EFE8B26F1413F009A5126 /* Cells */,
				746192E426AC560800CCCB71 /* BaseCells */,
			);
			path = Common;
			sourceTree = "<group>";
		};
		746192E426AC560800CCCB71 /* BaseCells */ = {
			isa = PBXGroup;
			children = (
				746192DA26AC54C800CCCB71 /* CellView.swift */,
				746192DC26AC554D00CCCB71 /* TableCellWrapper.swift */,
				746192DE26AC556000CCCB71 /* CollectionCellWrapper.swift */,
				746192E026AC557100CCCB71 /* CollectionReuseViewWrapper.swift */,
				746192E226AC55F700CCCB71 /* TableViewHeaderFooterViewWrapper.swift */,
			);
			path = BaseCells;
			sourceTree = "<group>";
		};
		746769EA26F9229900158FFC /* RoutePassing */ = {
			isa = PBXGroup;
			children = (
				746769EB26F922B400158FFC /* RoutePassingViewController.swift */,
				74CD387826FF3E4600D5CCDE /* PagerProtocols.swift */,
				747A0E5826FE1F0800EB1973 /* Cells */,
			);
			path = RoutePassing;
			sourceTree = "<group>";
		};
		746BCCBE26A8BA6C009CC823 /* Routes */ = {
			isa = PBXGroup;
			children = (
				746BCCC126A8BA6C009CC823 /* RouteViewController.swift */,
				7415479726B09754006931DC /* Cells */,
			);
			path = Routes;
			sourceTree = "<group>";
		};
		747A0E5826FE1F0800EB1973 /* Cells */ = {
			isa = PBXGroup;
			children = (
				747A0E5B26FE214C00EB1973 /* EndRouteButtonView.swift */,
				747A0E5926FE1F8400EB1973 /* PageIndexCell.swift */,
				747A0E5D26FE2AB700EB1973 /* RoutePointCell.swift */,
				747A0E6126FE83BF00EB1973 /* RoutePointsCollectionCell.swift */,
			);
			path = Cells;
			sourceTree = "<group>";
		};
		748EE631270F910B00301552 /* Models */ = {
			isa = PBXGroup;
			children = (
				748EE632270F911800301552 /* Route.swift */,
				748EE634270F913000301552 /* PersonInfo.swift */,
				748EE638270F915C00301552 /* Place.swift */,
				748EE63A270F916800301552 /* Person.swift */,
				748EE636270F914600301552 /* LocationCoordinates.swift */,
				748EE63C270F917600301552 /* ShortInfo.swift */,
			);
			path = Models;
			sourceTree = "<group>";
		};
		748FFD9426E55193009CA688 /* Network */ = {
			isa = PBXGroup;
			children = (
				748FFD9726E55587009CA688 /* RequestSender */,
				7443988026E6B802003FC860 /* NetworkServices */,
			);
			path = Network;
			sourceTree = "<group>";
		};
		748FFD9726E55587009CA688 /* RequestSender */ = {
			isa = PBXGroup;
			children = (
				7443988926E6B9F5003FC860 /* RequestResult.swift */,
				7443988726E6B9EA003FC860 /* Request.swift */,
				748FFD9A26E555CB009CA688 /* Parser.swift */,
				748FFD9826E55594009CA688 /* RequestSender.swift */,
				7443988326E6B9C7003FC860 /* RequestPreparation.swift */,
			);
			path = RequestSender;
			sourceTree = "<group>";
		};
		74D4AB5626AF3E5A009CAD3A /* MockData */ = {
			isa = PBXGroup;
			children = (
				748299DE26AA0A1A00573DC3 /* RoutesData.swift */,
			);
			path = MockData;
			sourceTree = "<group>";
		};
		74D4AB5726AF3E92009CAD3A /* Map */ = {
			isa = PBXGroup;
			children = (
				7402661226A76379006242FE /* MapViewController.swift */,
				7422A9C226BC707A00FE995E /* ARPersonPerview.swift */,
				7420CE1F26BAAE170034533F /* Helpers */,
				741EF4862708F27100F84986 /* Services */,
			);
			path = Map;
			sourceTree = "<group>";
		};
		74D4AB5826AF3F16009CAD3A /* RouteDescription */ = {
			isa = PBXGroup;
			children = (
				74D4AB5926AF3F2C009CAD3A /* RouteDescriptionViewController.swift */,
				7415479626B0974A006931DC /* Cells */,
			);
			path = RouteDescription;
			sourceTree = "<group>";
		};
		74F52A2D272591EB00343334 /* Markdown */ = {
			isa = PBXGroup;
			children = (
				74F52A30272593CC00343334 /* MarkdownParser.swift */,
				74F52A322725946700343334 /* BlockParser.swift */,
				74F52A342725947100343334 /* FragmentParser.swift */,
				74C51A272725EDC40066C43E /* MarkdownMerger.swift */,
				74C51A292725EFCA0066C43E /* MarkdownNode.swift */,
				74C8AB8D272885A5005EC02E /* MarkdownConfigurator.swift */,
			);
			path = Markdown;
			sourceTree = "<group>";
		};
		74F739F2272B50DE007C5450 /* Loader */ = {
			isa = PBXGroup;
			children = (
				74F739F3272B50DE007C5450 /* TableView */,
				74F739F7272B50DE007C5450 /* CollectionView */,
				74F739FB272B50DE007C5450 /* LoadingStatus.swift */,
			);
			path = Loader;
			sourceTree = "<group>";
		};
		74F739F3272B50DE007C5450 /* TableView */ = {
			isa = PBXGroup;
			children = (
				74F739F4272B50DE007C5450 /* TableSuccessDataSource.swift */,
				74F739F5272B50DE007C5450 /* CustomTableViewDataSource.swift */,
				74F739F6272B50DE007C5450 /* BaseTableView.swift */,
			);
			path = TableView;
			sourceTree = "<group>";
		};
		74F739F7272B50DE007C5450 /* CollectionView */ = {
			isa = PBXGroup;
			children = (
				74F739F8272B50DE007C5450 /* BaseCollectionView.swift */,
				74F739F9272B50DE007C5450 /* CollectionSuccessDataSource.swift */,
				74F739FA272B50DE007C5450 /* CustomCollectionViewDataSource.swift */,
			);
			path = CollectionView;
			sourceTree = "<group>";
		};
/* End PBXGroup section */

/* Begin PBXNativeTarget section */
		7402660A26A76379006242FE /* MoscowNeighbours */ = {
			isa = PBXNativeTarget;
			buildConfigurationList = 7402661F26A7637A006242FE /* Build configuration list for PBXNativeTarget "MoscowNeighbours" */;
			buildPhases = (
				7402660726A76379006242FE /* Sources */,
				7402660826A76379006242FE /* Frameworks */,
				7402660926A76379006242FE /* Resources */,
			);
			buildRules = (
			);
			dependencies = (
			);
			name = MoscowNeighbours;
			packageProductDependencies = (
				74FFB59626EFE64E0060D948 /* ImageView */,
				74569EDE26FA8BBF00D58821 /* UltraDrawerView */,
			);
			productName = MoscowNeighbours;
			productReference = 7402660B26A76379006242FE /* MoscowNeighbours.app */;
			productType = "com.apple.product-type.application";
		};
/* End PBXNativeTarget section */

/* Begin PBXProject section */
		7402660326A76379006242FE /* Project object */ = {
			isa = PBXProject;
			attributes = {
				LastSwiftUpdateCheck = 1250;
				LastUpgradeCheck = 1250;
				TargetAttributes = {
					7402660A26A76379006242FE = {
						CreatedOnToolsVersion = 12.5.1;
						LastSwiftMigration = 1250;
					};
				};
			};
			buildConfigurationList = 7402660626A76379006242FE /* Build configuration list for PBXProject "MoscowNeighbours" */;
			compatibilityVersion = "Xcode 9.3";
			developmentRegion = en;
			hasScannedForEncodings = 0;
			knownRegions = (
				en,
				Base,
			);
			mainGroup = 7402660226A76379006242FE;
			packageReferences = (
				74FFB59526EFE64E0060D948 /* XCRemoteSwiftPackageReference "ImageView" */,
				74569EDD26FA8BBF00D58821 /* XCRemoteSwiftPackageReference "UltraDrawerView" */,
			);
			productRefGroup = 7402660C26A76379006242FE /* Products */;
			projectDirPath = "";
			projectRoot = "";
			targets = (
				7402660A26A76379006242FE /* MoscowNeighbours */,
			);
		};
/* End PBXProject section */

/* Begin PBXResourcesBuildPhase section */
		7402660926A76379006242FE /* Resources */ = {
			isa = PBXResourcesBuildPhase;
			buildActionMask = 2147483647;
			files = (
				74346FB626F3E0BB0060357A /* helveticaneuecyr-roman.ttf in Resources */,
				74834C112729924000631D09 /* helveticaneuecyr-italic.ttf in Resources */,
				7422A9C526BC751500FE995E /* CosmonautSuit.reality in Resources */,
				742283BE26BB29AB003F814E /* Colors.xcassets in Resources */,
				74346FB526F3E0B70060357A /* helveticaneuecyr-bold.ttf in Resources */,
				74346FB826F3E24D0060357A /* helveticaneuecyr-medium.ttf in Resources */,
				7402661B26A7637A006242FE /* LaunchScreen.storyboard in Resources */,
				7402661826A7637A006242FE /* Assets.xcassets in Resources */,
				74834C0F2729923A00631D09 /* helveticaneuecyr-bolditalic.ttf in Resources */,
			);
			runOnlyForDeploymentPostprocessing = 0;
		};
/* End PBXResourcesBuildPhase section */

/* Begin PBXSourcesBuildPhase section */
		7402660726A76379006242FE /* Sources */ = {
			isa = PBXSourcesBuildPhase;
			buildActionMask = 2147483647;
			files = (
				748EE637270F914600301552 /* LocationCoordinates.swift in Sources */,
				74CD387926FF3E4600D5CCDE /* PagerProtocols.swift in Sources */,
				7402662426A765AC006242FE /* UIView+Layout.swift in Sources */,
				7443988826E6B9EA003FC860 /* Request.swift in Sources */,
				748FFD9626E55535009CA688 /* Logger.swift in Sources */,
				7420CE2126BAAE290034533F /* RouteFinder.swift in Sources */,
				747A0E6226FE83BF00EB1973 /* RoutePointsCollectionCell.swift in Sources */,
				7485E3792709BD52008DAB99 /* PersonInfoCell.swift in Sources */,
				74F73A01272B50DE007C5450 /* CustomCollectionViewDataSource.swift in Sources */,
				746A100E26F6192F002CB7E2 /* ChipsLayout.swift in Sources */,
				748EE639270F915C00301552 /* Place.swift in Sources */,
				7402661326A76379006242FE /* MapViewController.swift in Sources */,
				748FFD9926E55594009CA688 /* RequestSender.swift in Sources */,
				7402660F26A76379006242FE /* AppDelegate.swift in Sources */,
				7404A61126B87FAF00524453 /* TextCell.swift in Sources */,
				746192DF26AC556000CCCB71 /* CollectionCellWrapper.swift in Sources */,
				74D4AB5C26AF446E009CAD3A /* BottomSheetsManager.swift in Sources */,
				74C6CFCA26BF1E0D00104457 /* ButtonCell.swift in Sources */,
				741EF4882708F28200F84986 /* NotificationService.swift in Sources */,
				7420CE2326BAAE530034533F /* CLLocationCoordinate2D+Equatable.swift in Sources */,
				74FFB59426EFE55B0060D948 /* RouteCell.swift in Sources */,
				748299DF26AA0A1A00573DC3 /* RoutesData.swift in Sources */,
				7443988426E6B9C7003FC860 /* RequestPreparation.swift in Sources */,
				7415479326B08C8A006931DC /* PersonCell.swift in Sources */,
				74681B8F2741B8CD00F7DE10 /* UITextView+SetAttributedText.swift in Sources */,
				74F739FD272B50DE007C5450 /* CustomTableViewDataSource.swift in Sources */,
				742EFE8D26F14168009A5126 /* GradientView.swift in Sources */,
				746192E126AC557100CCCB71 /* CollectionReuseViewWrapper.swift in Sources */,
				74F739FF272B50DE007C5450 /* BaseCollectionView.swift in Sources */,
				746A101226F620E0002CB7E2 /* PersonHeaderCell.swift in Sources */,
				746192D626AC549400CCCB71 /* UITableView+Reuse.swift in Sources */,
				748EE63B270F916800301552 /* Person.swift in Sources */,
				748C94CE272FEFAF00202D47 /* LocationService.swift in Sources */,
				74FD656926B0ABDA00F824DD /* Stack.swift in Sources */,
				74EBC36826F503500002EEAE /* HandlerView.swift in Sources */,
				74F52A332725946700343334 /* BlockParser.swift in Sources */,
				74F52A352725947100343334 /* FragmentParser.swift in Sources */,
				74F73A02272B50DE007C5450 /* LoadingStatus.swift in Sources */,
				746192D826AC54A800CCCB71 /* UICollectionView+Reuse.swift in Sources */,
				74F73A00272B50DE007C5450 /* CollectionSuccessDataSource.swift in Sources */,
				742283C026BB29EA003F814E /* UIColor+ProjectColors.swift in Sources */,
				746A101426F6276E002CB7E2 /* AlertCell.swift in Sources */,
				746A101026F619AF002CB7E2 /* SeparatorCell.swift in Sources */,
				741D407E270655560051A518 /* PersonInfoBaseCell.swift in Sources */,
				746192E326AC55F700CCCB71 /* TableViewHeaderFooterViewWrapper.swift in Sources */,
				74346FBA26F3E3FB0060357A /* MKMapView+Annotations.swift in Sources */,
				742283C226BB2AC4003F814E /* UIView+Shadow.swift in Sources */,
				7404A61426B8874A00524453 /* PersonViewController.swift in Sources */,
				747A0E5C26FE214C00EB1973 /* EndRouteButtonView.swift in Sources */,
				74E729B526F2978200775D37 /* RouteHeaderCell.swift in Sources */,
				74FFB59926EFE9190060D948 /* InfoView.swift in Sources */,
				747A0E5E26FE2AB700EB1973 /* RoutePointCell.swift in Sources */,
				746BCCC826A8BD59009CC823 /* HeaderView.swift in Sources */,
				746192DD26AC554D00CCCB71 /* TableCellWrapper.swift in Sources */,
				74C51A2C2725EFF90066C43E /* String+Subscript.swift in Sources */,
				74D4AB5E26AF4870009CAD3A /* Action.swift in Sources */,
				748FFD9B26E555CB009CA688 /* Parser.swift in Sources */,
				74E729B326F2946800775D37 /* EntityHeaderCell.swift in Sources */,
				748EE635270F913000301552 /* PersonInfo.swift in Sources */,
				74FFB59C26EFEE510060D948 /* SFSymbol.swift in Sources */,
				7443988A26E6B9F5003FC860 /* RequestResult.swift in Sources */,
				74F739FC272B50DE007C5450 /* TableSuccessDataSource.swift in Sources */,
				747A0E5A26FE1F8400EB1973 /* PageIndexCell.swift in Sources */,
				7422A9C326BC707A00FE995E /* ARPersonPerview.swift in Sources */,
				74C8AB8E272885A5005EC02E /* MarkdownConfigurator.swift in Sources */,
				74C5D8D326FD237700034432 /* Button.swift in Sources */,
				746769EC26F922B400158FFC /* RoutePassingViewController.swift in Sources */,
				7443988226E6B80F003FC860 /* BaseNetworkService.swift in Sources */,
				741D407C2706518C0051A518 /* UILabel+SetAttributedText.swift in Sources */,
				74C51A282725EDC40066C43E /* MarkdownMerger.swift in Sources */,
				748EE63D270F917600301552 /* ShortInfo.swift in Sources */,
				74C51A2A2725EFCA0066C43E /* MarkdownNode.swift in Sources */,
				74F73A06272B528A007C5450 /* EmptyStateCell.swift in Sources */,
				748EE633270F911800301552 /* Route.swift in Sources */,
				746192E626AC56ED00CCCB71 /* BottomSheetViewController.swift in Sources */,
				7443988C26E6BAA4003FC860 /* RoutesService.swift in Sources */,
				74F73A04272B5213007C5450 /* LoadingCell.swift in Sources */,
				74F739FE272B50DE007C5450 /* BaseTableView.swift in Sources */,
				7443988E26E6BB3F003FC860 /* RequestConstants.swift in Sources */,
				746192DB26AC54C800CCCB71 /* CellView.swift in Sources */,
				746BCCC526A8BA6C009CC823 /* RouteViewController.swift in Sources */,
				7402661126A76379006242FE /* SceneDelegate.swift in Sources */,
				74F52A31272593CC00343334 /* MarkdownParser.swift in Sources */,
				74D4AB5A26AF3F2C009CAD3A /* RouteDescriptionViewController.swift in Sources */,
				746BCCCA26A8BFB1009CC823 /* UIFont+MainFont.swift in Sources */,
			);
			runOnlyForDeploymentPostprocessing = 0;
		};
/* End PBXSourcesBuildPhase section */

/* Begin PBXVariantGroup section */
		7402661926A7637A006242FE /* LaunchScreen.storyboard */ = {
			isa = PBXVariantGroup;
			children = (
				7402661A26A7637A006242FE /* Base */,
			);
			name = LaunchScreen.storyboard;
			sourceTree = "<group>";
		};
/* End PBXVariantGroup section */

/* Begin XCBuildConfiguration section */
		7402661D26A7637A006242FE /* Debug */ = {
			isa = XCBuildConfiguration;
			buildSettings = {
				ALWAYS_SEARCH_USER_PATHS = NO;
				CLANG_ANALYZER_NONNULL = YES;
				CLANG_ANALYZER_NUMBER_OBJECT_CONVERSION = YES_AGGRESSIVE;
				CLANG_CXX_LANGUAGE_STANDARD = "gnu++14";
				CLANG_CXX_LIBRARY = "libc++";
				CLANG_ENABLE_MODULES = YES;
				CLANG_ENABLE_OBJC_ARC = YES;
				CLANG_ENABLE_OBJC_WEAK = YES;
				CLANG_WARN_BLOCK_CAPTURE_AUTORELEASING = YES;
				CLANG_WARN_BOOL_CONVERSION = YES;
				CLANG_WARN_COMMA = YES;
				CLANG_WARN_CONSTANT_CONVERSION = YES;
				CLANG_WARN_DEPRECATED_OBJC_IMPLEMENTATIONS = YES;
				CLANG_WARN_DIRECT_OBJC_ISA_USAGE = YES_ERROR;
				CLANG_WARN_DOCUMENTATION_COMMENTS = YES;
				CLANG_WARN_EMPTY_BODY = YES;
				CLANG_WARN_ENUM_CONVERSION = YES;
				CLANG_WARN_INFINITE_RECURSION = YES;
				CLANG_WARN_INT_CONVERSION = YES;
				CLANG_WARN_NON_LITERAL_NULL_CONVERSION = YES;
				CLANG_WARN_OBJC_IMPLICIT_RETAIN_SELF = YES;
				CLANG_WARN_OBJC_LITERAL_CONVERSION = YES;
				CLANG_WARN_OBJC_ROOT_CLASS = YES_ERROR;
				CLANG_WARN_QUOTED_INCLUDE_IN_FRAMEWORK_HEADER = YES;
				CLANG_WARN_RANGE_LOOP_ANALYSIS = YES;
				CLANG_WARN_STRICT_PROTOTYPES = YES;
				CLANG_WARN_SUSPICIOUS_MOVE = YES;
				CLANG_WARN_UNGUARDED_AVAILABILITY = YES_AGGRESSIVE;
				CLANG_WARN_UNREACHABLE_CODE = YES;
				CLANG_WARN__DUPLICATE_METHOD_MATCH = YES;
				COPY_PHASE_STRIP = NO;
				DEBUG_INFORMATION_FORMAT = dwarf;
				ENABLE_STRICT_OBJC_MSGSEND = YES;
				ENABLE_TESTABILITY = YES;
				GCC_C_LANGUAGE_STANDARD = gnu11;
				GCC_DYNAMIC_NO_PIC = NO;
				GCC_NO_COMMON_BLOCKS = YES;
				GCC_OPTIMIZATION_LEVEL = 0;
				GCC_PREPROCESSOR_DEFINITIONS = (
					"DEBUG=1",
					"$(inherited)",
				);
				GCC_WARN_64_TO_32_BIT_CONVERSION = YES;
				GCC_WARN_ABOUT_RETURN_TYPE = YES_ERROR;
				GCC_WARN_UNDECLARED_SELECTOR = YES;
				GCC_WARN_UNINITIALIZED_AUTOS = YES_AGGRESSIVE;
				GCC_WARN_UNUSED_FUNCTION = YES;
				GCC_WARN_UNUSED_VARIABLE = YES;
				IPHONEOS_DEPLOYMENT_TARGET = 13.0;
				MTL_ENABLE_DEBUG_INFO = INCLUDE_SOURCE;
				MTL_FAST_MATH = YES;
				ONLY_ACTIVE_ARCH = YES;
				SDKROOT = iphoneos;
				SWIFT_ACTIVE_COMPILATION_CONDITIONS = DEBUG;
				SWIFT_OPTIMIZATION_LEVEL = "-Onone";
			};
			name = Debug;
		};
		7402661E26A7637A006242FE /* Release */ = {
			isa = XCBuildConfiguration;
			buildSettings = {
				ALWAYS_SEARCH_USER_PATHS = NO;
				CLANG_ANALYZER_NONNULL = YES;
				CLANG_ANALYZER_NUMBER_OBJECT_CONVERSION = YES_AGGRESSIVE;
				CLANG_CXX_LANGUAGE_STANDARD = "gnu++14";
				CLANG_CXX_LIBRARY = "libc++";
				CLANG_ENABLE_MODULES = YES;
				CLANG_ENABLE_OBJC_ARC = YES;
				CLANG_ENABLE_OBJC_WEAK = YES;
				CLANG_WARN_BLOCK_CAPTURE_AUTORELEASING = YES;
				CLANG_WARN_BOOL_CONVERSION = YES;
				CLANG_WARN_COMMA = YES;
				CLANG_WARN_CONSTANT_CONVERSION = YES;
				CLANG_WARN_DEPRECATED_OBJC_IMPLEMENTATIONS = YES;
				CLANG_WARN_DIRECT_OBJC_ISA_USAGE = YES_ERROR;
				CLANG_WARN_DOCUMENTATION_COMMENTS = YES;
				CLANG_WARN_EMPTY_BODY = YES;
				CLANG_WARN_ENUM_CONVERSION = YES;
				CLANG_WARN_INFINITE_RECURSION = YES;
				CLANG_WARN_INT_CONVERSION = YES;
				CLANG_WARN_NON_LITERAL_NULL_CONVERSION = YES;
				CLANG_WARN_OBJC_IMPLICIT_RETAIN_SELF = YES;
				CLANG_WARN_OBJC_LITERAL_CONVERSION = YES;
				CLANG_WARN_OBJC_ROOT_CLASS = YES_ERROR;
				CLANG_WARN_QUOTED_INCLUDE_IN_FRAMEWORK_HEADER = YES;
				CLANG_WARN_RANGE_LOOP_ANALYSIS = YES;
				CLANG_WARN_STRICT_PROTOTYPES = YES;
				CLANG_WARN_SUSPICIOUS_MOVE = YES;
				CLANG_WARN_UNGUARDED_AVAILABILITY = YES_AGGRESSIVE;
				CLANG_WARN_UNREACHABLE_CODE = YES;
				CLANG_WARN__DUPLICATE_METHOD_MATCH = YES;
				COPY_PHASE_STRIP = NO;
				DEBUG_INFORMATION_FORMAT = "dwarf-with-dsym";
				ENABLE_NS_ASSERTIONS = NO;
				ENABLE_STRICT_OBJC_MSGSEND = YES;
				GCC_C_LANGUAGE_STANDARD = gnu11;
				GCC_NO_COMMON_BLOCKS = YES;
				GCC_WARN_64_TO_32_BIT_CONVERSION = YES;
				GCC_WARN_ABOUT_RETURN_TYPE = YES_ERROR;
				GCC_WARN_UNDECLARED_SELECTOR = YES;
				GCC_WARN_UNINITIALIZED_AUTOS = YES_AGGRESSIVE;
				GCC_WARN_UNUSED_FUNCTION = YES;
				GCC_WARN_UNUSED_VARIABLE = YES;
				IPHONEOS_DEPLOYMENT_TARGET = 13.0;
				MTL_ENABLE_DEBUG_INFO = NO;
				MTL_FAST_MATH = YES;
				SDKROOT = iphoneos;
				SWIFT_COMPILATION_MODE = wholemodule;
				SWIFT_OPTIMIZATION_LEVEL = "-O";
				VALIDATE_PRODUCT = YES;
			};
			name = Release;
		};
		7402662026A7637A006242FE /* Debug */ = {
			isa = XCBuildConfiguration;
			buildSettings = {
				ASSETCATALOG_COMPILER_APPICON_NAME = AppIcon;
				ASSETCATALOG_COMPILER_GLOBAL_ACCENT_COLOR_NAME = AccentColor;
				CLANG_ENABLE_MODULES = YES;
				CODE_SIGN_STYLE = Automatic;
				CURRENT_PROJECT_VERSION = 15;
				DEVELOPMENT_TEAM = W5ZZPB5BG7;
				INFOPLIST_FILE = MoscowNeighbours/Info.plist;
				LD_RUNPATH_SEARCH_PATHS = (
					"$(inherited)",
					"@executable_path/Frameworks",
				);
				MARKETING_VERSION = 1.1;
				PRODUCT_BUNDLE_IDENTIFIER = com.machelbaev.neighbours.moscow;
				PRODUCT_NAME = "$(TARGET_NAME)";
				SWIFT_OPTIMIZATION_LEVEL = "-Onone";
				SWIFT_VERSION = 5.0;
				TARGETED_DEVICE_FAMILY = 1;
			};
			name = Debug;
		};
		7402662126A7637A006242FE /* Release */ = {
			isa = XCBuildConfiguration;
			buildSettings = {
				ASSETCATALOG_COMPILER_APPICON_NAME = AppIcon;
				ASSETCATALOG_COMPILER_GLOBAL_ACCENT_COLOR_NAME = AccentColor;
				CLANG_ENABLE_MODULES = YES;
				CODE_SIGN_STYLE = Automatic;
				CURRENT_PROJECT_VERSION = 15;
				DEVELOPMENT_TEAM = W5ZZPB5BG7;
				INFOPLIST_FILE = MoscowNeighbours/Info.plist;
				LD_RUNPATH_SEARCH_PATHS = (
					"$(inherited)",
					"@executable_path/Frameworks",
				);
				MARKETING_VERSION = 1.1;
				PRODUCT_BUNDLE_IDENTIFIER = com.machelbaev.neighbours.moscow;
				PRODUCT_NAME = "$(TARGET_NAME)";
				SWIFT_VERSION = 5.0;
				TARGETED_DEVICE_FAMILY = 1;
			};
			name = Release;
		};
/* End XCBuildConfiguration section */

/* Begin XCConfigurationList section */
		7402660626A76379006242FE /* Build configuration list for PBXProject "MoscowNeighbours" */ = {
			isa = XCConfigurationList;
			buildConfigurations = (
				7402661D26A7637A006242FE /* Debug */,
				7402661E26A7637A006242FE /* Release */,
			);
			defaultConfigurationIsVisible = 0;
			defaultConfigurationName = Release;
		};
		7402661F26A7637A006242FE /* Build configuration list for PBXNativeTarget "MoscowNeighbours" */ = {
			isa = XCConfigurationList;
			buildConfigurations = (
				7402662026A7637A006242FE /* Debug */,
				7402662126A7637A006242FE /* Release */,
			);
			defaultConfigurationIsVisible = 0;
			defaultConfigurationName = Release;
		};
/* End XCConfigurationList section */

/* Begin XCRemoteSwiftPackageReference section */
		74569EDD26FA8BBF00D58821 /* XCRemoteSwiftPackageReference "UltraDrawerView" */ = {
			isa = XCRemoteSwiftPackageReference;
			repositoryURL = "https://github.com/super-ultra/UltraDrawerView";
			requirement = {
				kind = upToNextMajorVersion;
				minimumVersion = 0.6.3;
			};
		};
		74FFB59526EFE64E0060D948 /* XCRemoteSwiftPackageReference "ImageView" */ = {
			isa = XCRemoteSwiftPackageReference;
			repositoryURL = "https://github.com/mikhailChelbaev/ImageView";
			requirement = {
				kind = upToNextMajorVersion;
				minimumVersion = 1.1.0;
			};
		};
/* End XCRemoteSwiftPackageReference section */

/* Begin XCSwiftPackageProductDependency section */
		74569EDE26FA8BBF00D58821 /* UltraDrawerView */ = {
			isa = XCSwiftPackageProductDependency;
			package = 74569EDD26FA8BBF00D58821 /* XCRemoteSwiftPackageReference "UltraDrawerView" */;
			productName = UltraDrawerView;
		};
		74FFB59626EFE64E0060D948 /* ImageView */ = {
			isa = XCSwiftPackageProductDependency;
			package = 74FFB59526EFE64E0060D948 /* XCRemoteSwiftPackageReference "ImageView" */;
			productName = ImageView;
		};
/* End XCSwiftPackageProductDependency section */
	};
	rootObject = 7402660326A76379006242FE /* Project object */;
}
